
Microsoft Visual Studio Solution File, Format Version 12.00
# Visual Studio Version 18
VisualStudioVersion = 18.0.11222.15
MinimumVisualStudioVersion = 10.0.40219.1
Project("{FAE04EC0-301F-11D3-BF4B-00C04F79EFBC}") = "Polars.NET.Core", "Polars.NET.Core\Polars.NET.Core.csproj", "{FF8588F0-C282-D416-071E-8B5CE79A0AD0}"
EndProject
Project("{F2A71F9B-5D33-465A-A702-920D77279786}") = "Polars.FSharp", "Polars.FSharp\Polars.FSharp.fsproj", "{6B3D319F-300E-4EE1-9980-9C2B930928B6}"
EndProject
Project("{F2A71F9B-5D33-465A-A702-920D77279786}") = "Polars.FSharp.Tests", "Polars.FSharp.Tests\Polars.FSharp.Tests.fsproj", "{9D8BC8A3-8016-4A80-A509-8A02C81D6CAF}"
EndProject
Project("{FAE04EC0-301F-11D3-BF4B-00C04F79EFBC}") = "Polars.CSharp", "Polars.CSharp\Polars.CSharp.csproj", "{3EB79793-F025-4E66-8E3D-CD068ACC267B}"
EndProject
Project("{FAE04EC0-301F-11D3-BF4B-00C04F79EFBC}") = "Polars.CSharp.Tests", "Polars.CSharp.Tests\Polars.CSharp.Tests.csproj", "{ACB15D8A-0E8D-4DBA-BA3F-F6F3778409AA}"
EndProject
Project("{FAE04EC0-301F-11D3-BF4B-00C04F79EFBC}") = "Polars.Integration.Tests", "Polars.Integration.Tests\Polars.Integration.Tests.csproj", "{2E094CA4-3D36-477B-90B8-67DA8BBB923E}"
EndProject
Global
	GlobalSection(SolutionConfigurationPlatforms) = preSolution
		Debug|Any CPU = Debug|Any CPU
		Debug|x64 = Debug|x64
		Debug|x86 = Debug|x86
		Release|Any CPU = Release|Any CPU
		Release|x64 = Release|x64
		Release|x86 = Release|x86
	EndGlobalSection
	GlobalSection(ProjectConfigurationPlatforms) = postSolution
		{FF8588F0-C282-D416-071E-8B5CE79A0AD0}.Debug|Any CPU.ActiveCfg = Debug|Any CPU
		{FF8588F0-C282-D416-071E-8B5CE79A0AD0}.Debug|Any CPU.Build.0 = Debug|Any CPU
		{FF8588F0-C282-D416-071E-8B5CE79A0AD0}.Debug|x64.ActiveCfg = Debug|Any CPU
		{FF8588F0-C282-D416-071E-8B5CE79A0AD0}.Debug|x64.Build.0 = Debug|Any CPU
		{FF8588F0-C282-D416-071E-8B5CE79A0AD0}.Debug|x86.ActiveCfg = Debug|Any CPU
		{FF8588F0-C282-D416-071E-8B5CE79A0AD0}.Debug|x86.Build.0 = Debug|Any CPU
		{FF8588F0-C282-D416-071E-8B5CE79A0AD0}.Release|Any CPU.ActiveCfg = Release|Any CPU
		{FF8588F0-C282-D416-071E-8B5CE79A0AD0}.Release|Any CPU.Build.0 = Release|Any CPU
		{FF8588F0-C282-D416-071E-8B5CE79A0AD0}.Release|x64.ActiveCfg = Release|Any CPU
		{FF8588F0-C282-D416-071E-8B5CE79A0AD0}.Release|x64.Build.0 = Release|Any CPU
		{FF8588F0-C282-D416-071E-8B5CE79A0AD0}.Release|x86.ActiveCfg = Release|Any CPU
		{FF8588F0-C282-D416-071E-8B5CE79A0AD0}.Release|x86.Build.0 = Release|Any CPU
		{6B3D319F-300E-4EE1-9980-9C2B930928B6}.Debug|Any CPU.ActiveCfg = Debug|Any CPU
		{6B3D319F-300E-4EE1-9980-9C2B930928B6}.Debug|Any CPU.Build.0 = Debug|Any CPU
		{6B3D319F-300E-4EE1-9980-9C2B930928B6}.Debug|x64.ActiveCfg = Debug|Any CPU
		{6B3D319F-300E-4EE1-9980-9C2B930928B6}.Debug|x64.Build.0 = Debug|Any CPU
		{6B3D319F-300E-4EE1-9980-9C2B930928B6}.Debug|x86.ActiveCfg = Debug|Any CPU
		{6B3D319F-300E-4EE1-9980-9C2B930928B6}.Debug|x86.Build.0 = Debug|Any CPU
		{6B3D319F-300E-4EE1-9980-9C2B930928B6}.Release|Any CPU.ActiveCfg = Release|Any CPU
		{6B3D319F-300E-4EE1-9980-9C2B930928B6}.Release|Any CPU.Build.0 = Release|Any CPU
		{6B3D319F-300E-4EE1-9980-9C2B930928B6}.Release|x64.ActiveCfg = Release|Any CPU
		{6B3D319F-300E-4EE1-9980-9C2B930928B6}.Release|x64.Build.0 = Release|Any CPU
		{6B3D319F-300E-4EE1-9980-9C2B930928B6}.Release|x86.ActiveCfg = Release|Any CPU
		{6B3D319F-300E-4EE1-9980-9C2B930928B6}.Release|x86.Build.0 = Release|Any CPU
		{9D8BC8A3-8016-4A80-A509-8A02C81D6CAF}.Debug|Any CPU.ActiveCfg = Debug|Any CPU
		{9D8BC8A3-8016-4A80-A509-8A02C81D6CAF}.Debug|Any CPU.Build.0 = Debug|Any CPU
		{9D8BC8A3-8016-4A80-A509-8A02C81D6CAF}.Debug|x64.ActiveCfg = Debug|Any CPU
		{9D8BC8A3-8016-4A80-A509-8A02C81D6CAF}.Debug|x64.Build.0 = Debug|Any CPU
		{9D8BC8A3-8016-4A80-A509-8A02C81D6CAF}.Debug|x86.ActiveCfg = Debug|Any CPU
		{9D8BC8A3-8016-4A80-A509-8A02C81D6CAF}.Debug|x86.Build.0 = Debug|Any CPU
		{9D8BC8A3-8016-4A80-A509-8A02C81D6CAF}.Release|Any CPU.ActiveCfg = Release|Any CPU
		{9D8BC8A3-8016-4A80-A509-8A02C81D6CAF}.Release|Any CPU.Build.0 = Release|Any CPU
		{9D8BC8A3-8016-4A80-A509-8A02C81D6CAF}.Release|x64.ActiveCfg = Release|Any CPU
		{9D8BC8A3-8016-4A80-A509-8A02C81D6CAF}.Release|x64.Build.0 = Release|Any CPU
		{9D8BC8A3-8016-4A80-A509-8A02C81D6CAF}.Release|x86.ActiveCfg = Release|Any CPU
		{9D8BC8A3-8016-4A80-A509-8A02C81D6CAF}.Release|x86.Build.0 = Release|Any CPU
		{3EB79793-F025-4E66-8E3D-CD068ACC267B}.Debug|Any CPU.ActiveCfg = Debug|Any CPU
		{3EB79793-F025-4E66-8E3D-CD068ACC267B}.Debug|Any CPU.Build.0 = Debug|Any CPU
		{3EB79793-F025-4E66-8E3D-CD068ACC267B}.Debug|x64.ActiveCfg = Debug|Any CPU
		{3EB79793-F025-4E66-8E3D-CD068ACC267B}.Debug|x64.Build.0 = Debug|Any CPU
		{3EB79793-F025-4E66-8E3D-CD068ACC267B}.Debug|x86.ActiveCfg = Debug|Any CPU
		{3EB79793-F025-4E66-8E3D-CD068ACC267B}.Debug|x86.Build.0 = Debug|Any CPU
		{3EB79793-F025-4E66-8E3D-CD068ACC267B}.Release|Any CPU.ActiveCfg = Release|Any CPU
		{3EB79793-F025-4E66-8E3D-CD068ACC267B}.Release|Any CPU.Build.0 = Release|Any CPU
		{3EB79793-F025-4E66-8E3D-CD068ACC267B}.Release|x64.ActiveCfg = Release|Any CPU
		{3EB79793-F025-4E66-8E3D-CD068ACC267B}.Release|x64.Build.0 = Release|Any CPU
		{3EB79793-F025-4E66-8E3D-CD068ACC267B}.Release|x86.ActiveCfg = Release|Any CPU
		{3EB79793-F025-4E66-8E3D-CD068ACC267B}.Release|x86.Build.0 = Release|Any CPU
		{ACB15D8A-0E8D-4DBA-BA3F-F6F3778409AA}.Debug|Any CPU.ActiveCfg = Debug|Any CPU
		{ACB15D8A-0E8D-4DBA-BA3F-F6F3778409AA}.Debug|Any CPU.Build.0 = Debug|Any CPU
		{ACB15D8A-0E8D-4DBA-BA3F-F6F3778409AA}.Debug|x64.ActiveCfg = Debug|Any CPU
		{ACB15D8A-0E8D-4DBA-BA3F-F6F3778409AA}.Debug|x64.Build.0 = Debug|Any CPU
		{ACB15D8A-0E8D-4DBA-BA3F-F6F3778409AA}.Debug|x86.ActiveCfg = Debug|Any CPU
		{ACB15D8A-0E8D-4DBA-BA3F-F6F3778409AA}.Debug|x86.Build.0 = Debug|Any CPU
		{ACB15D8A-0E8D-4DBA-BA3F-F6F3778409AA}.Release|Any CPU.ActiveCfg = Release|Any CPU
		{ACB15D8A-0E8D-4DBA-BA3F-F6F3778409AA}.Release|Any CPU.Build.0 = Release|Any CPU
		{ACB15D8A-0E8D-4DBA-BA3F-F6F3778409AA}.Release|x64.ActiveCfg = Release|Any CPU
		{ACB15D8A-0E8D-4DBA-BA3F-F6F3778409AA}.Release|x64.Build.0 = Release|Any CPU
		{ACB15D8A-0E8D-4DBA-BA3F-F6F3778409AA}.Release|x86.ActiveCfg = Release|Any CPU
		{ACB15D8A-0E8D-4DBA-BA3F-F6F3778409AA}.Release|x86.Build.0 = Release|Any CPU
		{2E094CA4-3D36-477B-90B8-67DA8BBB923E}.Debug|Any CPU.ActiveCfg = Debug|Any CPU
		{2E094CA4-3D36-477B-90B8-67DA8BBB923E}.Debug|Any CPU.Build.0 = Debug|Any CPU
		{2E094CA4-3D36-477B-90B8-67DA8BBB923E}.Debug|x64.ActiveCfg = Debug|Any CPU
		{2E094CA4-3D36-477B-90B8-67DA8BBB923E}.Debug|x64.Build.0 = Debug|Any CPU
		{2E094CA4-3D36-477B-90B8-67DA8BBB923E}.Debug|x86.ActiveCfg = Debug|Any CPU
		{2E094CA4-3D36-477B-90B8-67DA8BBB923E}.Debug|x86.Build.0 = Debug|Any CPU
		{2E094CA4-3D36-477B-90B8-67DA8BBB923E}.Release|Any CPU.ActiveCfg = Release|Any CPU
		{2E094CA4-3D36-477B-90B8-67DA8BBB923E}.Release|Any CPU.Build.0 = Release|Any CPU
		{2E094CA4-3D36-477B-90B8-67DA8BBB923E}.Release|x64.ActiveCfg = Release|Any CPU
		{2E094CA4-3D36-477B-90B8-67DA8BBB923E}.Release|x64.Build.0 = Release|Any CPU
		{2E094CA4-3D36-477B-90B8-67DA8BBB923E}.Release|x86.ActiveCfg = Release|Any CPU
		{2E094CA4-3D36-477B-90B8-67DA8BBB923E}.Release|x86.Build.0 = Release|Any CPU
	EndGlobalSection
	GlobalSection(SolutionProperties) = preSolution
		HideSolutionNode = FALSE
	EndGlobalSection
	GlobalSection(ExtensibilityGlobals) = postSolution
		SolutionGuid = {79869364-8CBB-42BC-9E24-995CF516B0F2}
	EndGlobalSection
EndGlobal
